
Microsoft Visual Studio Solution File, Format Version 12.00
# Visual Studio Version 17
VisualStudioVersion = 17.14.36301.6
MinimumVisualStudioVersion = 10.0.40219.1
Project("{8BC9CEB8-8B4A-11D0-8D11-00A0C91BC942}") = "试除法判定质数", "试除法判定质数\试除法判定质数.vcxproj", "{1574550B-3E27-4673-A32E-A69EA1528E16}"
EndProject
Project("{8BC9CEB8-8B4A-11D0-8D11-00A0C91BC942}") = "分解质因数", "分解质因数\分解质因数.vcxproj", "{B416A86E-80E2-46D8-A0F9-6539AA700DD3}"
EndProject
Project("{8BC9CEB8-8B4A-11D0-8D11-00A0C91BC942}") = "筛质数", "筛质数\筛质数.vcxproj", "{88A4AAE5-F1AF-490C-B8F3-36D103EC4C8E}"
EndProject
Project("{8BC9CEB8-8B4A-11D0-8D11-00A0C91BC942}") = "试除法找约数", "试除法找约数\试除法找约数.vcxproj", "{863E3386-EDF5-4B30-B8CF-49663F7A79A1}"
EndProject
Project("{8BC9CEB8-8B4A-11D0-8D11-00A0C91BC942}") = "约数个数", "约数个数\约数个数.vcxproj", "{FC137284-3AD6-4A9D-B695-B21098A53DC7}"
EndProject
Project("{8BC9CEB8-8B4A-11D0-8D11-00A0C91BC942}") = "约数之和", "约数之和\约数之和.vcxproj", "{48D10D00-D2CD-4F34-80F7-1D5D01402C07}"
EndProject
Project("{8BC9CEB8-8B4A-11D0-8D11-00A0C91BC942}") = "最大公约数", "最大公约数\最大公约数.vcxproj", "{3CADCD6A-454C-4D35-8C2F-23314742C892}"
EndProject
Project("{8BC9CEB8-8B4A-11D0-8D11-00A0C91BC942}") = "欧拉函数", "欧拉函数\欧拉函数.vcxproj", "{1356EA74-51E3-46AC-9C03-DE236E4A06A1}"
EndProject
Project("{8BC9CEB8-8B4A-11D0-8D11-00A0C91BC942}") = "快速幂", "快速幂\快速幂.vcxproj", "{D93D4945-93F8-49A4-BD5F-A1530298F9BC}"
EndProject
Project("{8BC9CEB8-8B4A-11D0-8D11-00A0C91BC942}") = "快速幂求逆元", "快速幂求逆元\快速幂求逆元.vcxproj", "{D4367DE0-9952-4ED5-A5E8-9F484713DD96}"
EndProject
Project("{8BC9CEB8-8B4A-11D0-8D11-00A0C91BC942}") = "扩展欧几里得算法", "扩展欧几里得算法\扩展欧几里得算法.vcxproj", "{8AC886D8-55FF-4956-9D12-5A350CB2DD62}"
EndProject
Project("{8BC9CEB8-8B4A-11D0-8D11-00A0C91BC942}") = "线性同余方程", "线性同余方程\线性同余方程.vcxproj", "{CA0FDE66-676E-42F7-B670-CBD3E84C73C0}"
EndProject
Project("{8BC9CEB8-8B4A-11D0-8D11-00A0C91BC942}") = "求组合数1", "求组合数1\求组合数1.vcxproj", "{665B9182-A553-413F-887E-C65930EBD0DF}"
EndProject
Global
	GlobalSection(SolutionConfigurationPlatforms) = preSolution
		Debug|x64 = Debug|x64
		Debug|x86 = Debug|x86
		Release|x64 = Release|x64
		Release|x86 = Release|x86
	EndGlobalSection
	GlobalSection(ProjectConfigurationPlatforms) = postSolution
		{1574550B-3E27-4673-A32E-A69EA1528E16}.Debug|x64.ActiveCfg = Debug|x64
		{1574550B-3E27-4673-A32E-A69EA1528E16}.Debug|x64.Build.0 = Debug|x64
		{1574550B-3E27-4673-A32E-A69EA1528E16}.Debug|x86.ActiveCfg = Debug|Win32
		{1574550B-3E27-4673-A32E-A69EA1528E16}.Debug|x86.Build.0 = Debug|Win32
		{1574550B-3E27-4673-A32E-A69EA1528E16}.Release|x64.ActiveCfg = Release|x64
		{1574550B-3E27-4673-A32E-A69EA1528E16}.Release|x64.Build.0 = Release|x64
		{1574550B-3E27-4673-A32E-A69EA1528E16}.Release|x86.ActiveCfg = Release|Win32
		{1574550B-3E27-4673-A32E-A69EA1528E16}.Release|x86.Build.0 = Release|Win32
		{B416A86E-80E2-46D8-A0F9-6539AA700DD3}.Debug|x64.ActiveCfg = Debug|x64
		{B416A86E-80E2-46D8-A0F9-6539AA700DD3}.Debug|x64.Build.0 = Debug|x64
		{B416A86E-80E2-46D8-A0F9-6539AA700DD3}.Debug|x86.ActiveCfg = Debug|Win32
		{B416A86E-80E2-46D8-A0F9-6539AA700DD3}.Debug|x86.Build.0 = Debug|Win32
		{B416A86E-80E2-46D8-A0F9-6539AA700DD3}.Release|x64.ActiveCfg = Release|x64
		{B416A86E-80E2-46D8-A0F9-6539AA700DD3}.Release|x64.Build.0 = Release|x64
		{B416A86E-80E2-46D8-A0F9-6539AA700DD3}.Release|x86.ActiveCfg = Release|Win32
		{B416A86E-80E2-46D8-A0F9-6539AA700DD3}.Release|x86.Build.0 = Release|Win32
		{88A4AAE5-F1AF-490C-B8F3-36D103EC4C8E}.Debug|x64.ActiveCfg = Debug|x64
		{88A4AAE5-F1AF-490C-B8F3-36D103EC4C8E}.Debug|x64.Build.0 = Debug|x64
		{88A4AAE5-F1AF-490C-B8F3-36D103EC4C8E}.Debug|x86.ActiveCfg = Debug|Win32
		{88A4AAE5-F1AF-490C-B8F3-36D103EC4C8E}.Debug|x86.Build.0 = Debug|Win32
		{88A4AAE5-F1AF-490C-B8F3-36D103EC4C8E}.Release|x64.ActiveCfg = Release|x64
		{88A4AAE5-F1AF-490C-B8F3-36D103EC4C8E}.Release|x64.Build.0 = Release|x64
		{88A4AAE5-F1AF-490C-B8F3-36D103EC4C8E}.Release|x86.ActiveCfg = Release|Win32
		{88A4AAE5-F1AF-490C-B8F3-36D103EC4C8E}.Release|x86.Build.0 = Release|Win32
		{863E3386-EDF5-4B30-B8CF-49663F7A79A1}.Debug|x64.ActiveCfg = Debug|x64
		{863E3386-EDF5-4B30-B8CF-49663F7A79A1}.Debug|x64.Build.0 = Debug|x64
		{863E3386-EDF5-4B30-B8CF-49663F7A79A1}.Debug|x86.ActiveCfg = Debug|Win32
		{863E3386-EDF5-4B30-B8CF-49663F7A79A1}.Debug|x86.Build.0 = Debug|Win32
		{863E3386-EDF5-4B30-B8CF-49663F7A79A1}.Release|x64.ActiveCfg = Release|x64
		{863E3386-EDF5-4B30-B8CF-49663F7A79A1}.Release|x64.Build.0 = Release|x64
		{863E3386-EDF5-4B30-B8CF-49663F7A79A1}.Release|x86.ActiveCfg = Release|Win32
		{863E3386-EDF5-4B30-B8CF-49663F7A79A1}.Release|x86.Build.0 = Release|Win32
		{FC137284-3AD6-4A9D-B695-B21098A53DC7}.Debug|x64.ActiveCfg = Debug|x64
		{FC137284-3AD6-4A9D-B695-B21098A53DC7}.Debug|x64.Build.0 = Debug|x64
		{FC137284-3AD6-4A9D-B695-B21098A53DC7}.Debug|x86.ActiveCfg = Debug|Win32
		{FC137284-3AD6-4A9D-B695-B21098A53DC7}.Debug|x86.Build.0 = Debug|Win32
		{FC137284-3AD6-4A9D-B695-B21098A53DC7}.Release|x64.ActiveCfg = Release|x64
		{FC137284-3AD6-4A9D-B695-B21098A53DC7}.Release|x64.Build.0 = Release|x64
		{FC137284-3AD6-4A9D-B695-B21098A53DC7}.Release|x86.ActiveCfg = Release|Win32
		{FC137284-3AD6-4A9D-B695-B21098A53DC7}.Release|x86.Build.0 = Release|Win32
		{48D10D00-D2CD-4F34-80F7-1D5D01402C07}.Debug|x64.ActiveCfg = Debug|x64
		{48D10D00-D2CD-4F34-80F7-1D5D01402C07}.Debug|x64.Build.0 = Debug|x64
		{48D10D00-D2CD-4F34-80F7-1D5D01402C07}.Debug|x86.ActiveCfg = Debug|Win32
		{48D10D00-D2CD-4F34-80F7-1D5D01402C07}.Debug|x86.Build.0 = Debug|Win32
		{48D10D00-D2CD-4F34-80F7-1D5D01402C07}.Release|x64.ActiveCfg = Release|x64
		{48D10D00-D2CD-4F34-80F7-1D5D01402C07}.Release|x64.Build.0 = Release|x64
		{48D10D00-D2CD-4F34-80F7-1D5D01402C07}.Release|x86.ActiveCfg = Release|Win32
		{48D10D00-D2CD-4F34-80F7-1D5D01402C07}.Release|x86.Build.0 = Release|Win32
		{3CADCD6A-454C-4D35-8C2F-23314742C892}.Debug|x64.ActiveCfg = Debug|x64
		{3CADCD6A-454C-4D35-8C2F-23314742C892}.Debug|x64.Build.0 = Debug|x64
		{3CADCD6A-454C-4D35-8C2F-23314742C892}.Debug|x86.ActiveCfg = Debug|Win32
		{3CADCD6A-454C-4D35-8C2F-23314742C892}.Debug|x86.Build.0 = Debug|Win32
		{3CADCD6A-454C-4D35-8C2F-23314742C892}.Release|x64.ActiveCfg = Release|x64
		{3CADCD6A-454C-4D35-8C2F-23314742C892}.Release|x64.Build.0 = Release|x64
		{3CADCD6A-454C-4D35-8C2F-23314742C892}.Release|x86.ActiveCfg = Release|Win32
		{3CADCD6A-454C-4D35-8C2F-23314742C892}.Release|x86.Build.0 = Release|Win32
		{1356EA74-51E3-46AC-9C03-DE236E4A06A1}.Debug|x64.ActiveCfg = Debug|x64
		{1356EA74-51E3-46AC-9C03-DE236E4A06A1}.Debug|x64.Build.0 = Debug|x64
		{1356EA74-51E3-46AC-9C03-DE236E4A06A1}.Debug|x86.ActiveCfg = Debug|Win32
		{1356EA74-51E3-46AC-9C03-DE236E4A06A1}.Debug|x86.Build.0 = Debug|Win32
		{1356EA74-51E3-46AC-9C03-DE236E4A06A1}.Release|x64.ActiveCfg = Release|x64
		{1356EA74-51E3-46AC-9C03-DE236E4A06A1}.Release|x64.Build.0 = Release|x64
		{1356EA74-51E3-46AC-9C03-DE236E4A06A1}.Release|x86.ActiveCfg = Release|Win32
		{1356EA74-51E3-46AC-9C03-DE236E4A06A1}.Release|x86.Build.0 = Release|Win32
		{D93D4945-93F8-49A4-BD5F-A1530298F9BC}.Debug|x64.ActiveCfg = Debug|x64
		{D93D4945-93F8-49A4-BD5F-A1530298F9BC}.Debug|x64.Build.0 = Debug|x64
		{D93D4945-93F8-49A4-BD5F-A1530298F9BC}.Debug|x86.ActiveCfg = Debug|Win32
		{D93D4945-93F8-49A4-BD5F-A1530298F9BC}.Debug|x86.Build.0 = Debug|Win32
		{D93D4945-93F8-49A4-BD5F-A1530298F9BC}.Release|x64.ActiveCfg = Release|x64
		{D93D4945-93F8-49A4-BD5F-A1530298F9BC}.Release|x64.Build.0 = Release|x64
		{D93D4945-93F8-49A4-BD5F-A1530298F9BC}.Release|x86.ActiveCfg = Release|Win32
		{D93D4945-93F8-49A4-BD5F-A1530298F9BC}.Release|x86.Build.0 = Release|Win32
		{D4367DE0-9952-4ED5-A5E8-9F484713DD96}.Debug|x64.ActiveCfg = Debug|x64
		{D4367DE0-9952-4ED5-A5E8-9F484713DD96}.Debug|x64.Build.0 = Debug|x64
		{D4367DE0-9952-4ED5-A5E8-9F484713DD96}.Debug|x86.ActiveCfg = Debug|Win32
		{D4367DE0-9952-4ED5-A5E8-9F484713DD96}.Debug|x86.Build.0 = Debug|Win32
		{D4367DE0-9952-4ED5-A5E8-9F484713DD96}.Release|x64.ActiveCfg = Release|x64
		{D4367DE0-9952-4ED5-A5E8-9F484713DD96}.Release|x64.Build.0 = Release|x64
		{D4367DE0-9952-4ED5-A5E8-9F484713DD96}.Release|x86.ActiveCfg = Release|Win32
		{D4367DE0-9952-4ED5-A5E8-9F484713DD96}.Release|x86.Build.0 = Release|Win32
		{8AC886D8-55FF-4956-9D12-5A350CB2DD62}.Debug|x64.ActiveCfg = Debug|x64
		{8AC886D8-55FF-4956-9D12-5A350CB2DD62}.Debug|x64.Build.0 = Debug|x64
		{8AC886D8-55FF-4956-9D12-5A350CB2DD62}.Debug|x86.ActiveCfg = Debug|Win32
		{8AC886D8-55FF-4956-9D12-5A350CB2DD62}.Debug|x86.Build.0 = Debug|Win32
		{8AC886D8-55FF-4956-9D12-5A350CB2DD62}.Release|x64.ActiveCfg = Release|x64
		{8AC886D8-55FF-4956-9D12-5A350CB2DD62}.Release|x64.Build.0 = Release|x64
		{8AC886D8-55FF-4956-9D12-5A350CB2DD62}.Release|x86.ActiveCfg = Release|Win32
		{8AC886D8-55FF-4956-9D12-5A350CB2DD62}.Release|x86.Build.0 = Release|Win32
		{CA0FDE66-676E-42F7-B670-CBD3E84C73C0}.Debug|x64.ActiveCfg = Debug|x64
		{CA0FDE66-676E-42F7-B670-CBD3E84C73C0}.Debug|x64.Build.0 = Debug|x64
		{CA0FDE66-676E-42F7-B670-CBD3E84C73C0}.Debug|x86.ActiveCfg = Debug|Win32
		{CA0FDE66-676E-42F7-B670-CBD3E84C73C0}.Debug|x86.Build.0 = Debug|Win32
		{CA0FDE66-676E-42F7-B670-CBD3E84C73C0}.Release|x64.ActiveCfg = Release|x64
		{CA0FDE66-676E-42F7-B670-CBD3E84C73C0}.Release|x64.Build.0 = Release|x64
		{CA0FDE66-676E-42F7-B670-CBD3E84C73C0}.Release|x86.ActiveCfg = Release|Win32
		{CA0FDE66-676E-42F7-B670-CBD3E84C73C0}.Release|x86.Build.0 = Release|Win32
		{665B9182-A553-413F-887E-C65930EBD0DF}.Debug|x64.ActiveCfg = Debug|x64
		{665B9182-A553-413F-887E-C65930EBD0DF}.Debug|x64.Build.0 = Debug|x64
		{665B9182-A553-413F-887E-C65930EBD0DF}.Debug|x86.ActiveCfg = Debug|Win32
		{665B9182-A553-413F-887E-C65930EBD0DF}.Debug|x86.Build.0 = Debug|Win32
		{665B9182-A553-413F-887E-C65930EBD0DF}.Release|x64.ActiveCfg = Release|x64
		{665B9182-A553-413F-887E-C65930EBD0DF}.Release|x64.Build.0 = Release|x64
		{665B9182-A553-413F-887E-C65930EBD0DF}.Release|x86.ActiveCfg = Release|Win32
		{665B9182-A553-413F-887E-C65930EBD0DF}.Release|x86.Build.0 = Release|Win32
	EndGlobalSection
	GlobalSection(SolutionProperties) = preSolution
		HideSolutionNode = FALSE
	EndGlobalSection
	GlobalSection(ExtensibilityGlobals) = postSolution
		SolutionGuid = {BAC4C6E2-1E5E-484D-98B7-B0ECDBEEBEE3}
	EndGlobalSection
EndGlobal
